
Microsoft Visual Studio Solution File, Format Version 12.00
# Visual Studio Version 17
VisualStudioVersion = 17.0.31903.59
MinimumVisualStudioVersion = 10.0.40219.1
Project("{FAE04EC0-301F-11D3-BF4B-00C04F79EFBC}") = "SkathIO.Rogue.Abstractions", "src\SkathIO.Rogue.Abstractions\SkathIO.Rogue.Abstractions.csproj", "{8745F62B-091B-4FE8-9A14-CA1912201F3E}"
EndProject
Project("{FAE04EC0-301F-11D3-BF4B-00C04F79EFBC}") = "SkathIO.Rogue.SourceGenerator", "src\SkathIO.Rogue.SourceGenerator\SkathIO.Rogue.SourceGenerator.csproj", "{6F609057-FB0F-48DD-B958-5CBAC555C25D}"
EndProject
Project("{FAE04EC0-301F-11D3-BF4B-00C04F79EFBC}") = "SkathIO.Rogue", "src\SkathIO.Rogue\SkathIO.Rogue.csproj", "{02C0C1FC-095B-48EB-B915-48CDD7E6092E}"
EndProject
Project("{FAE04EC0-301F-11D3-BF4B-00C04F79EFBC}") = "SkathIO.Rogue.Logging", "src\SkathIO.Rogue.Logging\SkathIO.Rogue.Logging.csproj", "{07D28BD1-632A-4064-8AC7-F9621E3B92C7}"
EndProject
Project("{FAE04EC0-301F-11D3-BF4B-00C04F79EFBC}") = "SkathIO.Rogue.Validation.FluentValidation", "src\SkathIO.Rogue.Validation.FluentValidation\SkathIO.Rogue.Validation.FluentValidation.csproj", "{E5D5F3FE-804A-4D74-B528-FD28CA00C6A9}"
EndProject
Project("{FAE04EC0-301F-11D3-BF4B-00C04F79EFBC}") = "SkathIO.Rogue.MediatR", "src\SkathIO.Rogue.MediatR\SkathIO.Rogue.MediatR.csproj", "{F71EA54E-8E89-473B-BAE0-3E8044E871B5}"
EndProject
Project("{FAE04EC0-301F-11D3-BF4B-00C04F79EFBC}") = "SkathIO.Rogue.UnitTests", "tests\SkathIO.Rogue.UnitTests\SkathIO.Rogue.UnitTests.csproj", "{F742C852-B037-4ACC-948D-2755BAA3E441}"
EndProject
Project("{FAE04EC0-301F-11D3-BF4B-00C04F79EFBC}") = "SkathIO.Rogue.Generator.Tests", "tests\SkathIO.Rogue.Generator.Tests\SkathIO.Rogue.Generator.Tests.csproj", "{3F7BC651-B9CF-464E-AD2F-40F5AF167D0E}"
EndProject
Project("{FAE04EC0-301F-11D3-BF4B-00C04F79EFBC}") = "SkathIO.Rogue.Integration.Tests", "tests\SkathIO.Rogue.Integration.Tests\SkathIO.Rogue.Integration.Tests.csproj", "{51BA8088-3E02-47D7-B793-ACE8C57EA33C}"
EndProject
Project("{FAE04EC0-301F-11D3-BF4B-00C04F79EFBC}") = "SkathIO.Rogue.Migration.Tests", "tests\SkathIO.Rogue.Migration.Tests\SkathIO.Rogue.Migration.Tests.csproj", "{4B57B6FC-CA70-4595-97FF-15D07E9AEE48}"
EndProject
Project("{FAE04EC0-301F-11D3-BF4B-00C04F79EFBC}") = "SkathIO.Rogue.Behaviors.Tests", "tests\SkathIO.Rogue.Behaviors.Tests\SkathIO.Rogue.Behaviors.Tests.csproj", "{A1B2C3D4-E5F6-47A8-9B0C-1D2E3F4A5B6C}"
EndProject
Project("{FAE04EC0-301F-11D3-BF4B-00C04F79EFBC}") = "SkathIO.Rogue.Aot.Sample", "samples\SkathIO.Rogue.Aot.Sample\SkathIO.Rogue.Aot.Sample.csproj", "{6A44A7DF-5A9E-497F-B622-7ED199E418DF}"
EndProject
Project("{FAE04EC0-301F-11D3-BF4B-00C04F79EFBC}") = "SkathIO.Rogue.Benchmarks", "bench\SkathIO.Rogue.Benchmarks\SkathIO.Rogue.Benchmarks.csproj", "{3880E9C5-6AE7-43F0-A4B4-A5E0437E65B2}"
EndProject
Project("{FAE04EC0-301F-11D3-BF4B-00C04F79EFBC}") = "SkathIO.Rogue.Sample.MinimalApi", "samples\minimal-api\SkathIO.Rogue.Sample.MinimalApi.csproj", "{4FFFC28A-BEF3-4F03-AEB9-65E9363FCA8A}"
EndProject
Project("{2150E333-8FDC-42A3-9474-1A3956D46DE8}") = "src", "src", "{827E0CD3-B72D-47B6-A68D-7590B98EB39B}"
EndProject
Project("{FAE04EC0-301F-11D3-BF4B-00C04F79EFBC}") = "SkathIO.Rogue.Migration.Analyzer", "src\SkathIO.Rogue.Migration.Analyzer\SkathIO.Rogue.Migration.Analyzer.csproj", "{3E36F5AC-0C7C-409C-B32D-CA29F480CEE7}"
EndProject
Project("{2150E333-8FDC-42A3-9474-1A3956D46DE8}") = "samples", "samples", "{5D20AA90-6969-D8BD-9DCD-8634F4692FDA}"
EndProject
Project("{FAE04EC0-301F-11D3-BF4B-00C04F79EFBC}") = "SkathIO.Rogue.Sample.WebApi", "samples\SkathIO.Rogue.Sample.WebApi\SkathIO.Rogue.Sample.WebApi.csproj", "{CA2C8BC6-A712-4851-870C-F04B80F4D310}"
EndProject
Project("{FAE04EC0-301F-11D3-BF4B-00C04F79EFBC}") = "SkathIO.Rogue.WebApi.Integration.Tests", "tests\SkathIO.Rogue.WebApi.Integration.Tests\SkathIO.Rogue.WebApi.Integration.Tests.csproj", "{B48B3E4D-777E-4A5D-95C5-B53207E70491}"
EndProject
Global
	GlobalSection(SolutionConfigurationPlatforms) = preSolution
		Debug|Any CPU = Debug|Any CPU
		Debug|x64 = Debug|x64
		Debug|x86 = Debug|x86
		Release|Any CPU = Release|Any CPU
		Release|x64 = Release|x64
		Release|x86 = Release|x86
	EndGlobalSection
	GlobalSection(ProjectConfigurationPlatforms) = postSolution
		{8745F62B-091B-4FE8-9A14-CA1912201F3E}.Debug|Any CPU.ActiveCfg = Debug|Any CPU
		{8745F62B-091B-4FE8-9A14-CA1912201F3E}.Debug|Any CPU.Build.0 = Debug|Any CPU
		{8745F62B-091B-4FE8-9A14-CA1912201F3E}.Debug|x64.ActiveCfg = Debug|Any CPU
		{8745F62B-091B-4FE8-9A14-CA1912201F3E}.Debug|x64.Build.0 = Debug|Any CPU
		{8745F62B-091B-4FE8-9A14-CA1912201F3E}.Debug|x86.ActiveCfg = Debug|Any CPU
		{8745F62B-091B-4FE8-9A14-CA1912201F3E}.Debug|x86.Build.0 = Debug|Any CPU
		{8745F62B-091B-4FE8-9A14-CA1912201F3E}.Release|Any CPU.ActiveCfg = Release|Any CPU
		{8745F62B-091B-4FE8-9A14-CA1912201F3E}.Release|Any CPU.Build.0 = Release|Any CPU
		{8745F62B-091B-4FE8-9A14-CA1912201F3E}.Release|x64.ActiveCfg = Release|Any CPU
		{8745F62B-091B-4FE8-9A14-CA1912201F3E}.Release|x64.Build.0 = Release|Any CPU
		{8745F62B-091B-4FE8-9A14-CA1912201F3E}.Release|x86.ActiveCfg = Release|Any CPU
		{8745F62B-091B-4FE8-9A14-CA1912201F3E}.Release|x86.Build.0 = Release|Any CPU
		{6F609057-FB0F-48DD-B958-5CBAC555C25D}.Debug|Any CPU.ActiveCfg = Debug|Any CPU
		{6F609057-FB0F-48DD-B958-5CBAC555C25D}.Debug|Any CPU.Build.0 = Debug|Any CPU
		{6F609057-FB0F-48DD-B958-5CBAC555C25D}.Debug|x64.ActiveCfg = Debug|Any CPU
		{6F609057-FB0F-48DD-B958-5CBAC555C25D}.Debug|x64.Build.0 = Debug|Any CPU
		{6F609057-FB0F-48DD-B958-5CBAC555C25D}.Debug|x86.ActiveCfg = Debug|Any CPU
		{6F609057-FB0F-48DD-B958-5CBAC555C25D}.Debug|x86.Build.0 = Debug|Any CPU
		{6F609057-FB0F-48DD-B958-5CBAC555C25D}.Release|Any CPU.ActiveCfg = Release|Any CPU
		{6F609057-FB0F-48DD-B958-5CBAC555C25D}.Release|Any CPU.Build.0 = Release|Any CPU
		{6F609057-FB0F-48DD-B958-5CBAC555C25D}.Release|x64.ActiveCfg = Release|Any CPU
		{6F609057-FB0F-48DD-B958-5CBAC555C25D}.Release|x64.Build.0 = Release|Any CPU
		{6F609057-FB0F-48DD-B958-5CBAC555C25D}.Release|x86.ActiveCfg = Release|Any CPU
		{6F609057-FB0F-48DD-B958-5CBAC555C25D}.Release|x86.Build.0 = Release|Any CPU
		{02C0C1FC-095B-48EB-B915-48CDD7E6092E}.Debug|Any CPU.ActiveCfg = Debug|Any CPU
		{02C0C1FC-095B-48EB-B915-48CDD7E6092E}.Debug|Any CPU.Build.0 = Debug|Any CPU
		{02C0C1FC-095B-48EB-B915-48CDD7E6092E}.Debug|x64.ActiveCfg = Debug|Any CPU
		{02C0C1FC-095B-48EB-B915-48CDD7E6092E}.Debug|x64.Build.0 = Debug|Any CPU
		{02C0C1FC-095B-48EB-B915-48CDD7E6092E}.Debug|x86.ActiveCfg = Debug|Any CPU
		{02C0C1FC-095B-48EB-B915-48CDD7E6092E}.Debug|x86.Build.0 = Debug|Any CPU
		{02C0C1FC-095B-48EB-B915-48CDD7E6092E}.Release|Any CPU.ActiveCfg = Release|Any CPU
		{02C0C1FC-095B-48EB-B915-48CDD7E6092E}.Release|Any CPU.Build.0 = Release|Any CPU
		{02C0C1FC-095B-48EB-B915-48CDD7E6092E}.Release|x64.ActiveCfg = Release|Any CPU
		{02C0C1FC-095B-48EB-B915-48CDD7E6092E}.Release|x64.Build.0 = Release|Any CPU
		{02C0C1FC-095B-48EB-B915-48CDD7E6092E}.Release|x86.ActiveCfg = Release|Any CPU
		{02C0C1FC-095B-48EB-B915-48CDD7E6092E}.Release|x86.Build.0 = Release|Any CPU
		{07D28BD1-632A-4064-8AC7-F9621E3B92C7}.Debug|Any CPU.ActiveCfg = Debug|Any CPU
		{07D28BD1-632A-4064-8AC7-F9621E3B92C7}.Debug|Any CPU.Build.0 = Debug|Any CPU
		{07D28BD1-632A-4064-8AC7-F9621E3B92C7}.Debug|x64.ActiveCfg = Debug|Any CPU
		{07D28BD1-632A-4064-8AC7-F9621E3B92C7}.Debug|x64.Build.0 = Debug|Any CPU
		{07D28BD1-632A-4064-8AC7-F9621E3B92C7}.Debug|x86.ActiveCfg = Debug|Any CPU
		{07D28BD1-632A-4064-8AC7-F9621E3B92C7}.Debug|x86.Build.0 = Debug|Any CPU
		{07D28BD1-632A-4064-8AC7-F9621E3B92C7}.Release|Any CPU.ActiveCfg = Release|Any CPU
		{07D28BD1-632A-4064-8AC7-F9621E3B92C7}.Release|Any CPU.Build.0 = Release|Any CPU
		{07D28BD1-632A-4064-8AC7-F9621E3B92C7}.Release|x64.ActiveCfg = Release|Any CPU
		{07D28BD1-632A-4064-8AC7-F9621E3B92C7}.Release|x64.Build.0 = Release|Any CPU
		{07D28BD1-632A-4064-8AC7-F9621E3B92C7}.Release|x86.ActiveCfg = Release|Any CPU
		{07D28BD1-632A-4064-8AC7-F9621E3B92C7}.Release|x86.Build.0 = Release|Any CPU
		{E5D5F3FE-804A-4D74-B528-FD28CA00C6A9}.Debug|Any CPU.ActiveCfg = Debug|Any CPU
		{E5D5F3FE-804A-4D74-B528-FD28CA00C6A9}.Debug|Any CPU.Build.0 = Debug|Any CPU
		{E5D5F3FE-804A-4D74-B528-FD28CA00C6A9}.Debug|x64.ActiveCfg = Debug|Any CPU
		{E5D5F3FE-804A-4D74-B528-FD28CA00C6A9}.Debug|x64.Build.0 = Debug|Any CPU
		{E5D5F3FE-804A-4D74-B528-FD28CA00C6A9}.Debug|x86.ActiveCfg = Debug|Any CPU
		{E5D5F3FE-804A-4D74-B528-FD28CA00C6A9}.Debug|x86.Build.0 = Debug|Any CPU
		{E5D5F3FE-804A-4D74-B528-FD28CA00C6A9}.Release|Any CPU.ActiveCfg = Release|Any CPU
		{E5D5F3FE-804A-4D74-B528-FD28CA00C6A9}.Release|Any CPU.Build.0 = Release|Any CPU
		{E5D5F3FE-804A-4D74-B528-FD28CA00C6A9}.Release|x64.ActiveCfg = Release|Any CPU
		{E5D5F3FE-804A-4D74-B528-FD28CA00C6A9}.Release|x64.Build.0 = Release|Any CPU
		{E5D5F3FE-804A-4D74-B528-FD28CA00C6A9}.Release|x86.ActiveCfg = Release|Any CPU
		{E5D5F3FE-804A-4D74-B528-FD28CA00C6A9}.Release|x86.Build.0 = Release|Any CPU
		{F71EA54E-8E89-473B-BAE0-3E8044E871B5}.Debug|Any CPU.ActiveCfg = Debug|Any CPU
		{F71EA54E-8E89-473B-BAE0-3E8044E871B5}.Debug|Any CPU.Build.0 = Debug|Any CPU
		{F71EA54E-8E89-473B-BAE0-3E8044E871B5}.Debug|x64.ActiveCfg = Debug|Any CPU
		{F71EA54E-8E89-473B-BAE0-3E8044E871B5}.Debug|x64.Build.0 = Debug|Any CPU
		{F71EA54E-8E89-473B-BAE0-3E8044E871B5}.Debug|x86.ActiveCfg = Debug|Any CPU
		{F71EA54E-8E89-473B-BAE0-3E8044E871B5}.Debug|x86.Build.0 = Debug|Any CPU
		{F71EA54E-8E89-473B-BAE0-3E8044E871B5}.Release|Any CPU.ActiveCfg = Release|Any CPU
		{F71EA54E-8E89-473B-BAE0-3E8044E871B5}.Release|Any CPU.Build.0 = Release|Any CPU
		{F71EA54E-8E89-473B-BAE0-3E8044E871B5}.Release|x64.ActiveCfg = Release|Any CPU
		{F71EA54E-8E89-473B-BAE0-3E8044E871B5}.Release|x64.Build.0 = Release|Any CPU
		{F71EA54E-8E89-473B-BAE0-3E8044E871B5}.Release|x86.ActiveCfg = Release|Any CPU
		{F71EA54E-8E89-473B-BAE0-3E8044E871B5}.Release|x86.Build.0 = Release|Any CPU
		{F742C852-B037-4ACC-948D-2755BAA3E441}.Debug|Any CPU.ActiveCfg = Debug|Any CPU
		{F742C852-B037-4ACC-948D-2755BAA3E441}.Debug|Any CPU.Build.0 = Debug|Any CPU
		{F742C852-B037-4ACC-948D-2755BAA3E441}.Debug|x64.ActiveCfg = Debug|Any CPU
		{F742C852-B037-4ACC-948D-2755BAA3E441}.Debug|x64.Build.0 = Debug|Any CPU
		{F742C852-B037-4ACC-948D-2755BAA3E441}.Debug|x86.ActiveCfg = Debug|Any CPU
		{F742C852-B037-4ACC-948D-2755BAA3E441}.Debug|x86.Build.0 = Debug|Any CPU
		{F742C852-B037-4ACC-948D-2755BAA3E441}.Release|Any CPU.ActiveCfg = Release|Any CPU
		{F742C852-B037-4ACC-948D-2755BAA3E441}.Release|Any CPU.Build.0 = Release|Any CPU
		{F742C852-B037-4ACC-948D-2755BAA3E441}.Release|x64.ActiveCfg = Release|Any CPU
		{F742C852-B037-4ACC-948D-2755BAA3E441}.Release|x64.Build.0 = Release|Any CPU
		{F742C852-B037-4ACC-948D-2755BAA3E441}.Release|x86.ActiveCfg = Release|Any CPU
		{F742C852-B037-4ACC-948D-2755BAA3E441}.Release|x86.Build.0 = Release|Any CPU
		{3F7BC651-B9CF-464E-AD2F-40F5AF167D0E}.Debug|Any CPU.ActiveCfg = Debug|Any CPU
		{3F7BC651-B9CF-464E-AD2F-40F5AF167D0E}.Debug|Any CPU.Build.0 = Debug|Any CPU
		{3F7BC651-B9CF-464E-AD2F-40F5AF167D0E}.Debug|x64.ActiveCfg = Debug|Any CPU
		{3F7BC651-B9CF-464E-AD2F-40F5AF167D0E}.Debug|x64.Build.0 = Debug|Any CPU
		{3F7BC651-B9CF-464E-AD2F-40F5AF167D0E}.Debug|x86.ActiveCfg = Debug|Any CPU
		{3F7BC651-B9CF-464E-AD2F-40F5AF167D0E}.Debug|x86.Build.0 = Debug|Any CPU
		{3F7BC651-B9CF-464E-AD2F-40F5AF167D0E}.Release|Any CPU.ActiveCfg = Release|Any CPU
		{3F7BC651-B9CF-464E-AD2F-40F5AF167D0E}.Release|Any CPU.Build.0 = Release|Any CPU
		{3F7BC651-B9CF-464E-AD2F-40F5AF167D0E}.Release|x64.ActiveCfg = Release|Any CPU
		{3F7BC651-B9CF-464E-AD2F-40F5AF167D0E}.Release|x64.Build.0 = Release|Any CPU
		{3F7BC651-B9CF-464E-AD2F-40F5AF167D0E}.Release|x86.ActiveCfg = Release|Any CPU
		{3F7BC651-B9CF-464E-AD2F-40F5AF167D0E}.Release|x86.Build.0 = Release|Any CPU
		{51BA8088-3E02-47D7-B793-ACE8C57EA33C}.Debug|Any CPU.ActiveCfg = Debug|Any CPU
		{51BA8088-3E02-47D7-B793-ACE8C57EA33C}.Debug|Any CPU.Build.0 = Debug|Any CPU
		{51BA8088-3E02-47D7-B793-ACE8C57EA33C}.Debug|x64.ActiveCfg = Debug|Any CPU
		{51BA8088-3E02-47D7-B793-ACE8C57EA33C}.Debug|x64.Build.0 = Debug|Any CPU
		{51BA8088-3E02-47D7-B793-ACE8C57EA33C}.Debug|x86.ActiveCfg = Debug|Any CPU
		{51BA8088-3E02-47D7-B793-ACE8C57EA33C}.Debug|x86.Build.0 = Debug|Any CPU
		{51BA8088-3E02-47D7-B793-ACE8C57EA33C}.Release|Any CPU.ActiveCfg = Release|Any CPU
		{51BA8088-3E02-47D7-B793-ACE8C57EA33C}.Release|Any CPU.Build.0 = Release|Any CPU
		{51BA8088-3E02-47D7-B793-ACE8C57EA33C}.Release|x64.ActiveCfg = Release|Any CPU
		{51BA8088-3E02-47D7-B793-ACE8C57EA33C}.Release|x64.Build.0 = Release|Any CPU
		{51BA8088-3E02-47D7-B793-ACE8C57EA33C}.Release|x86.ActiveCfg = Release|Any CPU
		{51BA8088-3E02-47D7-B793-ACE8C57EA33C}.Release|x86.Build.0 = Release|Any CPU
		{4B57B6FC-CA70-4595-97FF-15D07E9AEE48}.Debug|Any CPU.ActiveCfg = Debug|Any CPU
		{4B57B6FC-CA70-4595-97FF-15D07E9AEE48}.Debug|Any CPU.Build.0 = Debug|Any CPU
		{4B57B6FC-CA70-4595-97FF-15D07E9AEE48}.Debug|x64.ActiveCfg = Debug|Any CPU
		{4B57B6FC-CA70-4595-97FF-15D07E9AEE48}.Debug|x64.Build.0 = Debug|Any CPU
		{4B57B6FC-CA70-4595-97FF-15D07E9AEE48}.Debug|x86.ActiveCfg = Debug|Any CPU
		{4B57B6FC-CA70-4595-97FF-15D07E9AEE48}.Debug|x86.Build.0 = Debug|Any CPU
		{4B57B6FC-CA70-4595-97FF-15D07E9AEE48}.Release|Any CPU.ActiveCfg = Release|Any CPU
		{4B57B6FC-CA70-4595-97FF-15D07E9AEE48}.Release|Any CPU.Build.0 = Release|Any CPU
		{4B57B6FC-CA70-4595-97FF-15D07E9AEE48}.Release|x64.ActiveCfg = Release|Any CPU
		{4B57B6FC-CA70-4595-97FF-15D07E9AEE48}.Release|x64.Build.0 = Release|Any CPU
		{4B57B6FC-CA70-4595-97FF-15D07E9AEE48}.Release|x86.ActiveCfg = Release|Any CPU
		{4B57B6FC-CA70-4595-97FF-15D07E9AEE48}.Release|x86.Build.0 = Release|Any CPU
		{A1B2C3D4-E5F6-47A8-9B0C-1D2E3F4A5B6C}.Debug|Any CPU.ActiveCfg = Debug|Any CPU
		{A1B2C3D4-E5F6-47A8-9B0C-1D2E3F4A5B6C}.Debug|Any CPU.Build.0 = Debug|Any CPU
		{A1B2C3D4-E5F6-47A8-9B0C-1D2E3F4A5B6C}.Debug|x64.ActiveCfg = Debug|Any CPU
		{A1B2C3D4-E5F6-47A8-9B0C-1D2E3F4A5B6C}.Debug|x64.Build.0 = Debug|Any CPU
		{A1B2C3D4-E5F6-47A8-9B0C-1D2E3F4A5B6C}.Debug|x86.ActiveCfg = Debug|Any CPU
		{A1B2C3D4-E5F6-47A8-9B0C-1D2E3F4A5B6C}.Debug|x86.Build.0 = Debug|Any CPU
		{A1B2C3D4-E5F6-47A8-9B0C-1D2E3F4A5B6C}.Release|Any CPU.ActiveCfg = Release|Any CPU
		{A1B2C3D4-E5F6-47A8-9B0C-1D2E3F4A5B6C}.Release|Any CPU.Build.0 = Release|Any CPU
		{A1B2C3D4-E5F6-47A8-9B0C-1D2E3F4A5B6C}.Release|x64.ActiveCfg = Release|Any CPU
		{A1B2C3D4-E5F6-47A8-9B0C-1D2E3F4A5B6C}.Release|x64.Build.0 = Release|Any CPU
		{A1B2C3D4-E5F6-47A8-9B0C-1D2E3F4A5B6C}.Release|x86.ActiveCfg = Release|Any CPU
		{A1B2C3D4-E5F6-47A8-9B0C-1D2E3F4A5B6C}.Release|x86.Build.0 = Release|Any CPU
		{6A44A7DF-5A9E-497F-B622-7ED199E418DF}.Debug|Any CPU.ActiveCfg = Debug|Any CPU
		{6A44A7DF-5A9E-497F-B622-7ED199E418DF}.Debug|Any CPU.Build.0 = Debug|Any CPU
		{6A44A7DF-5A9E-497F-B622-7ED199E418DF}.Debug|x64.ActiveCfg = Debug|Any CPU
		{6A44A7DF-5A9E-497F-B622-7ED199E418DF}.Debug|x64.Build.0 = Debug|Any CPU
		{6A44A7DF-5A9E-497F-B622-7ED199E418DF}.Debug|x86.ActiveCfg = Debug|Any CPU
		{6A44A7DF-5A9E-497F-B622-7ED199E418DF}.Debug|x86.Build.0 = Debug|Any CPU
		{6A44A7DF-5A9E-497F-B622-7ED199E418DF}.Release|Any CPU.ActiveCfg = Release|Any CPU
		{6A44A7DF-5A9E-497F-B622-7ED199E418DF}.Release|Any CPU.Build.0 = Release|Any CPU
		{6A44A7DF-5A9E-497F-B622-7ED199E418DF}.Release|x64.ActiveCfg = Release|Any CPU
		{6A44A7DF-5A9E-497F-B622-7ED199E418DF}.Release|x64.Build.0 = Release|Any CPU
		{6A44A7DF-5A9E-497F-B622-7ED199E418DF}.Release|x86.ActiveCfg = Release|Any CPU
		{6A44A7DF-5A9E-497F-B622-7ED199E418DF}.Release|x86.Build.0 = Release|Any CPU
		{3880E9C5-6AE7-43F0-A4B4-A5E0437E65B2}.Debug|Any CPU.ActiveCfg = Debug|Any CPU
		{3880E9C5-6AE7-43F0-A4B4-A5E0437E65B2}.Debug|Any CPU.Build.0 = Debug|Any CPU
		{3880E9C5-6AE7-43F0-A4B4-A5E0437E65B2}.Debug|x64.ActiveCfg = Debug|Any CPU
		{3880E9C5-6AE7-43F0-A4B4-A5E0437E65B2}.Debug|x64.Build.0 = Debug|Any CPU
		{3880E9C5-6AE7-43F0-A4B4-A5E0437E65B2}.Debug|x86.ActiveCfg = Debug|Any CPU
		{3880E9C5-6AE7-43F0-A4B4-A5E0437E65B2}.Debug|x86.Build.0 = Debug|Any CPU
		{3880E9C5-6AE7-43F0-A4B4-A5E0437E65B2}.Release|Any CPU.ActiveCfg = Release|Any CPU
		{3880E9C5-6AE7-43F0-A4B4-A5E0437E65B2}.Release|Any CPU.Build.0 = Release|Any CPU
		{3880E9C5-6AE7-43F0-A4B4-A5E0437E65B2}.Release|x64.ActiveCfg = Release|Any CPU
		{3880E9C5-6AE7-43F0-A4B4-A5E0437E65B2}.Release|x64.Build.0 = Release|Any CPU
		{3880E9C5-6AE7-43F0-A4B4-A5E0437E65B2}.Release|x86.ActiveCfg = Release|Any CPU
		{3880E9C5-6AE7-43F0-A4B4-A5E0437E65B2}.Release|x86.Build.0 = Release|Any CPU
		{4FFFC28A-BEF3-4F03-AEB9-65E9363FCA8A}.Debug|Any CPU.ActiveCfg = Debug|Any CPU
		{4FFFC28A-BEF3-4F03-AEB9-65E9363FCA8A}.Debug|Any CPU.Build.0 = Debug|Any CPU
		{4FFFC28A-BEF3-4F03-AEB9-65E9363FCA8A}.Debug|x64.ActiveCfg = Debug|Any CPU
		{4FFFC28A-BEF3-4F03-AEB9-65E9363FCA8A}.Debug|x64.Build.0 = Debug|Any CPU
		{4FFFC28A-BEF3-4F03-AEB9-65E9363FCA8A}.Debug|x86.ActiveCfg = Debug|Any CPU
		{4FFFC28A-BEF3-4F03-AEB9-65E9363FCA8A}.Debug|x86.Build.0 = Debug|Any CPU
		{4FFFC28A-BEF3-4F03-AEB9-65E9363FCA8A}.Release|Any CPU.ActiveCfg = Release|Any CPU
		{4FFFC28A-BEF3-4F03-AEB9-65E9363FCA8A}.Release|Any CPU.Build.0 = Release|Any CPU
		{4FFFC28A-BEF3-4F03-AEB9-65E9363FCA8A}.Release|x64.ActiveCfg = Release|Any CPU
		{4FFFC28A-BEF3-4F03-AEB9-65E9363FCA8A}.Release|x64.Build.0 = Release|Any CPU
		{4FFFC28A-BEF3-4F03-AEB9-65E9363FCA8A}.Release|x86.ActiveCfg = Release|Any CPU
		{4FFFC28A-BEF3-4F03-AEB9-65E9363FCA8A}.Release|x86.Build.0 = Release|Any CPU
		{3E36F5AC-0C7C-409C-B32D-CA29F480CEE7}.Debug|Any CPU.ActiveCfg = Debug|Any CPU
		{3E36F5AC-0C7C-409C-B32D-CA29F480CEE7}.Debug|Any CPU.Build.0 = Debug|Any CPU
		{3E36F5AC-0C7C-409C-B32D-CA29F480CEE7}.Debug|x64.ActiveCfg = Debug|Any CPU
		{3E36F5AC-0C7C-409C-B32D-CA29F480CEE7}.Debug|x64.Build.0 = Debug|Any CPU
		{3E36F5AC-0C7C-409C-B32D-CA29F480CEE7}.Debug|x86.ActiveCfg = Debug|Any CPU
		{3E36F5AC-0C7C-409C-B32D-CA29F480CEE7}.Debug|x86.Build.0 = Debug|Any CPU
		{3E36F5AC-0C7C-409C-B32D-CA29F480CEE7}.Release|Any CPU.ActiveCfg = Release|Any CPU
		{3E36F5AC-0C7C-409C-B32D-CA29F480CEE7}.Release|Any CPU.Build.0 = Release|Any CPU
		{3E36F5AC-0C7C-409C-B32D-CA29F480CEE7}.Release|x64.ActiveCfg = Release|Any CPU
		{3E36F5AC-0C7C-409C-B32D-CA29F480CEE7}.Release|x64.Build.0 = Release|Any CPU
		{3E36F5AC-0C7C-409C-B32D-CA29F480CEE7}.Release|x86.ActiveCfg = Release|Any CPU
		{3E36F5AC-0C7C-409C-B32D-CA29F480CEE7}.Release|x86.Build.0 = Release|Any CPU
		{CA2C8BC6-A712-4851-870C-F04B80F4D310}.Debug|Any CPU.ActiveCfg = Debug|Any CPU
		{CA2C8BC6-A712-4851-870C-F04B80F4D310}.Debug|Any CPU.Build.0 = Debug|Any CPU
		{CA2C8BC6-A712-4851-870C-F04B80F4D310}.Debug|x64.ActiveCfg = Debug|Any CPU
		{CA2C8BC6-A712-4851-870C-F04B80F4D310}.Debug|x64.Build.0 = Debug|Any CPU
		{CA2C8BC6-A712-4851-870C-F04B80F4D310}.Debug|x86.ActiveCfg = Debug|Any CPU
		{CA2C8BC6-A712-4851-870C-F04B80F4D310}.Debug|x86.Build.0 = Debug|Any CPU
		{CA2C8BC6-A712-4851-870C-F04B80F4D310}.Release|Any CPU.ActiveCfg = Release|Any CPU
		{CA2C8BC6-A712-4851-870C-F04B80F4D310}.Release|Any CPU.Build.0 = Release|Any CPU
		{CA2C8BC6-A712-4851-870C-F04B80F4D310}.Release|x64.ActiveCfg = Release|Any CPU
		{CA2C8BC6-A712-4851-870C-F04B80F4D310}.Release|x64.Build.0 = Release|Any CPU
		{CA2C8BC6-A712-4851-870C-F04B80F4D310}.Release|x86.ActiveCfg = Release|Any CPU
		{CA2C8BC6-A712-4851-870C-F04B80F4D310}.Release|x86.Build.0 = Release|Any CPU
		{B48B3E4D-777E-4A5D-95C5-B53207E70491}.Debug|Any CPU.ActiveCfg = Debug|Any CPU
		{B48B3E4D-777E-4A5D-95C5-B53207E70491}.Debug|Any CPU.Build.0 = Debug|Any CPU
		{B48B3E4D-777E-4A5D-95C5-B53207E70491}.Debug|x64.ActiveCfg = Debug|Any CPU
		{B48B3E4D-777E-4A5D-95C5-B53207E70491}.Debug|x64.Build.0 = Debug|Any CPU
		{B48B3E4D-777E-4A5D-95C5-B53207E70491}.Debug|x86.ActiveCfg = Debug|Any CPU
		{B48B3E4D-777E-4A5D-95C5-B53207E70491}.Debug|x86.Build.0 = Debug|Any CPU
		{B48B3E4D-777E-4A5D-95C5-B53207E70491}.Release|Any CPU.ActiveCfg = Release|Any CPU
		{B48B3E4D-777E-4A5D-95C5-B53207E70491}.Release|Any CPU.Build.0 = Release|Any CPU
		{B48B3E4D-777E-4A5D-95C5-B53207E70491}.Release|x64.ActiveCfg = Release|Any CPU
		{B48B3E4D-777E-4A5D-95C5-B53207E70491}.Release|x64.Build.0 = Release|Any CPU
		{B48B3E4D-777E-4A5D-95C5-B53207E70491}.Release|x86.ActiveCfg = Release|Any CPU
		{B48B3E4D-777E-4A5D-95C5-B53207E70491}.Release|x86.Build.0 = Release|Any CPU
	EndGlobalSection
	GlobalSection(SolutionProperties) = preSolution
		HideSolutionNode = FALSE
	EndGlobalSection
	GlobalSection(NestedProjects) = preSolution
		{3E36F5AC-0C7C-409C-B32D-CA29F480CEE7} = {827E0CD3-B72D-47B6-A68D-7590B98EB39B}
		{CA2C8BC6-A712-4851-870C-F04B80F4D310} = {5D20AA90-6969-D8BD-9DCD-8634F4692FDA}
	EndGlobalSection
EndGlobal
